
Microsoft Visual Studio Solution File, Format Version 12.00
# Visual Studio Version 17
VisualStudioVersion = 17.4.33205.214
MinimumVisualStudioVersion = 10.0.40219.1
Project("{FAE04EC0-301F-11D3-BF4B-00C04F79EFBC}") = "exercicio2", "exercicio2\exercicio2.csproj", "{6FC4BB7E-BA8F-4CB5-94A1-C02587243780}"
EndProject
Global
	GlobalSection(SolutionConfigurationPlatforms) = preSolution
		Debug|Any CPU = Debug|Any CPU
		Release|Any CPU = Release|Any CPU
	EndGlobalSection
	GlobalSection(ProjectConfigurationPlatforms) = postSolution
		{6FC4BB7E-BA8F-4CB5-94A1-C02587243780}.Debug|Any CPU.ActiveCfg = Debug|Any CPU
		{6FC4BB7E-BA8F-4CB5-94A1-C02587243780}.Debug|Any CPU.Build.0 = Debug|Any CPU
		{6FC4BB7E-BA8F-4CB5-94A1-C02587243780}.Release|Any CPU.ActiveCfg = Release|Any CPU
		{6FC4BB7E-BA8F-4CB5-94A1-C02587243780}.Release|Any CPU.Build.0 = Release|Any CPU
	EndGlobalSection
	GlobalSection(SolutionProperties) = preSolution
		HideSolutionNode = FALSE
	EndGlobalSection
	GlobalSection(ExtensibilityGlobals) = postSolution
		SolutionGuid = {5785E162-A25D-4223-9D77-B88346F8B198}
	EndGlobalSection
EndGlobal
