
Microsoft Visual Studio Solution File, Format Version 12.00
# Visual Studio Version 17
VisualStudioVersion = 17.4.33205.214
MinimumVisualStudioVersion = 10.0.40219.1
Project("{FAE04EC0-301F-11D3-BF4B-00C04F79EFBC}") = "exercicio3", "exercicio3\exercicio3.csproj", "{31C0A600-D98A-47BA-92EB-1AC19C0A240B}"
EndProject
Global
	GlobalSection(SolutionConfigurationPlatforms) = preSolution
		Debug|Any CPU = Debug|Any CPU
		Release|Any CPU = Release|Any CPU
	EndGlobalSection
	GlobalSection(ProjectConfigurationPlatforms) = postSolution
		{31C0A600-D98A-47BA-92EB-1AC19C0A240B}.Debug|Any CPU.ActiveCfg = Debug|Any CPU
		{31C0A600-D98A-47BA-92EB-1AC19C0A240B}.Debug|Any CPU.Build.0 = Debug|Any CPU
		{31C0A600-D98A-47BA-92EB-1AC19C0A240B}.Release|Any CPU.ActiveCfg = Release|Any CPU
		{31C0A600-D98A-47BA-92EB-1AC19C0A240B}.Release|Any CPU.Build.0 = Release|Any CPU
	EndGlobalSection
	GlobalSection(SolutionProperties) = preSolution
		HideSolutionNode = FALSE
	EndGlobalSection
	GlobalSection(ExtensibilityGlobals) = postSolution
		SolutionGuid = {3EA1F8A0-94F3-4810-9124-BDCABC968E0B}
	EndGlobalSection
EndGlobal
